{
  "originHash" : "5aa3caa1001b678e5c5fd761cb950f0bf14bc03d0c0e9dc30da82513869a6c85",
  "pins" : [
    {
      "identity" : "fivekit",
      "kind" : "remoteSourceControl",
      "location" : "https://github.com/FiveSheepCo/FiveKit",
      "state" : {
        "branch" : "main",
        "revision" : "d4cc3117ca74e44773ac302d1d64ece461d36a1e"
      }
    },
    {
      "identity" : "foundationplus",
      "kind" : "remoteSourceControl",
      "location" : "https://github.com/FiveSheepCo/FoundationPlus.git",
      "state" : {
        "branch" : "main",
        "revision" : "de444821f18df6d8e182a702f715c84bafb2130c"
      }
    },
    {
      "identity" : "swiftuielements",
      "kind" : "remoteSourceControl",
      "location" : "https://github.com/FiveSheepCo/SwiftUIElements.git",
      "state" : {
        "branch" : "main",
        "revision" : "867f5c4a0a373a8b94e2061c99706bafaa970f5d"
      }
    }
  ],
  "version" : 3
}
